// !$*UTF8*$!
{
	archiveVersion = 1;
	classes = {
	};
	objectVersion = 56;
	objects = {

/* Begin PBXBuildFile section */
		98C1267928D433C600F078B1 /* AppDelegate.swift in Sources */ = {isa = PBXBuildFile; fileRef = 98C1267828D433C600F078B1 /* AppDelegate.swift */; };
		98C1267B28D433C600F078B1 /* SceneDelegate.swift in Sources */ = {isa = PBXBuildFile; fileRef = 98C1267A28D433C600F078B1 /* SceneDelegate.swift */; };
		98C1267D28D433C600F078B1 /* ViewController.swift in Sources */ = {isa = PBXBuildFile; fileRef = 98C1267C28D433C600F078B1 /* ViewController.swift */; };
		98C1268028D433C600F078B1 /* Main.storyboard in Resources */ = {isa = PBXBuildFile; fileRef = 98C1267E28D433C600F078B1 /* Main.storyboard */; };
		98C1268228D433C700F078B1 /* Assets.xcassets in Resources */ = {isa = PBXBuildFile; fileRef = 98C1268128D433C700F078B1 /* Assets.xcassets */; };
		98C1268528D433C700F078B1 /* LaunchScreen.storyboard in Resources */ = {isa = PBXBuildFile; fileRef = 98C1268328D433C700F078B1 /* LaunchScreen.storyboard */; };
		98C1269028D433C700F078B1 /* richrichrichTests.swift in Sources */ = {isa = PBXBuildFile; fileRef = 98C1268F28D433C700F078B1 /* richrichrichTests.swift */; };
		98C1269A28D433C700F078B1 /* richrichrichUITests.swift in Sources */ = {isa = PBXBuildFile; fileRef = 98C1269928D433C700F078B1 /* richrichrichUITests.swift */; };
		98C1269C28D433C700F078B1 /* richrichrichUITestsLaunchTests.swift in Sources */ = {isa = PBXBuildFile; fileRef = 98C1269B28D433C700F078B1 /* richrichrichUITestsLaunchTests.swift */; };
/* End PBXBuildFile section */

/* Begin PBXContainerItemProxy section */
		98C1268C28D433C700F078B1 /* PBXContainerItemProxy */ = {
			isa = PBXContainerItemProxy;
			containerPortal = 98C1266D28D433C600F078B1 /* Project object */;
			proxyType = 1;
			remoteGlobalIDString = 98C1267428D433C600F078B1;
			remoteInfo = richrichrich;
		};
		98C1269628D433C700F078B1 /* PBXContainerItemProxy */ = {
			isa = PBXContainerItemProxy;
			containerPortal = 98C1266D28D433C600F078B1 /* Project object */;
			proxyType = 1;
			remoteGlobalIDString = 98C1267428D433C600F078B1;
			remoteInfo = richrichrich;
		};
/* End PBXContainerItemProxy section */

/* Begin PBXFileReference section */
		98C1267528D433C600F078B1 /* richrichrich.app */ = {isa = PBXFileReference; explicitFileType = wrapper.application; includeInIndex = 0; path = richrichrich.app; sourceTree = BUILT_PRODUCTS_DIR; };
		98C1267828D433C600F078B1 /* AppDelegate.swift */ = {isa = PBXFileReference; lastKnownFileType = sourcecode.swift; path = AppDelegate.swift; sourceTree = "<group>"; };
		98C1267A28D433C600F078B1 /* SceneDelegate.swift */ = {isa = PBXFileReference; lastKnownFileType = sourcecode.swift; path = SceneDelegate.swift; sourceTree = "<group>"; };
		98C1267C28D433C600F078B1 /* ViewController.swift */ = {isa = PBXFileReference; lastKnownFileType = sourcecode.swift; path = ViewController.swift; sourceTree = "<group>"; };
		98C1267F28D433C600F078B1 /* Base */ = {isa = PBXFileReference; lastKnownFileType = file.storyboard; name = Base; path = Base.lproj/Main.storyboard; sourceTree = "<group>"; };
		98C1268128D433C700F078B1 /* Assets.xcassets */ = {isa = PBXFileReference; lastKnownFileType = folder.assetcatalog; path = Assets.xcassets; sourceTree = "<group>"; };
		98C1268428D433C700F078B1 /* Base */ = {isa = PBXFileReference; lastKnownFileType = file.storyboard; name = Base; path = Base.lproj/LaunchScreen.storyboard; sourceTree = "<group>"; };
		98C1268628D433C700F078B1 /* Info.plist */ = {isa = PBXFileReference; lastKnownFileType = text.plist.xml; path = Info.plist; sourceTree = "<group>"; };
		98C1268B28D433C700F078B1 /* richrichrichTests.xctest */ = {isa = PBXFileReference; explicitFileType = wrapper.cfbundle; includeInIndex = 0; path = richrichrichTests.xctest; sourceTree = BUILT_PRODUCTS_DIR; };
		98C1268F28D433C700F078B1 /* richrichrichTests.swift */ = {isa = PBXFileReference; lastKnownFileType = sourcecode.swift; path = richrichrichTests.swift; sourceTree = "<group>"; };
		98C1269528D433C700F078B1 /* richrichrichUITests.xctest */ = {isa = PBXFileReference; explicitFileType = wrapper.cfbundle; includeInIndex = 0; path = richrichrichUITests.xctest; sourceTree = BUILT_PRODUCTS_DIR; };
		98C1269928D433C700F078B1 /* richrichrichUITests.swift */ = {isa = PBXFileReference; lastKnownFileType = sourcecode.swift; path = richrichrichUITests.swift; sourceTree = "<group>"; };
		98C1269B28D433C700F078B1 /* richrichrichUITestsLaunchTests.swift */ = {isa = PBXFileReference; lastKnownFileType = sourcecode.swift; path = richrichrichUITestsLaunchTests.swift; sourceTree = "<group>"; };
/* End PBXFileReference section */

/* Begin PBXFrameworksBuildPhase section */
		98C1267228D433C600F078B1 /* Frameworks */ = {
			isa = PBXFrameworksBuildPhase;
			buildActionMask = 2147483647;
			files = (
			);
			runOnlyForDeploymentPostprocessing = 0;
		};
		98C1268828D433C700F078B1 /* Frameworks */ = {
			isa = PBXFrameworksBuildPhase;
			buildActionMask = 2147483647;
			files = (
			);
			runOnlyForDeploymentPostprocessing = 0;
		};
		98C1269228D433C700F078B1 /* Frameworks */ = {
			isa = PBXFrameworksBuildPhase;
			buildActionMask = 2147483647;
			files = (
			);
			runOnlyForDeploymentPostprocessing = 0;
		};
/* End PBXFrameworksBuildPhase section */

/* Begin PBXGroup section */
		98C1266C28D433C600F078B1 = {
			isa = PBXGroup;
			children = (
				98C1267728D433C600F078B1 /* richrichrich */,
				98C1268E28D433C700F078B1 /* richrichrichTests */,
				98C1269828D433C700F078B1 /* richrichrichUITests */,
				98C1267628D433C600F078B1 /* Products */,
			);
			sourceTree = "<group>";
		};
		98C1267628D433C600F078B1 /* Products */ = {
			isa = PBXGroup;
			children = (
				98C1267528D433C600F078B1 /* richrichrich.app */,
				98C1268B28D433C700F078B1 /* richrichrichTests.xctest */,
				98C1269528D433C700F078B1 /* richrichrichUITests.xctest */,
			);
			name = Products;
			sourceTree = "<group>";
		};
		98C1267728D433C600F078B1 /* richrichrich */ = {
			isa = PBXGroup;
			children = (
				98C1267828D433C600F078B1 /* AppDelegate.swift */,
				98C1267A28D433C600F078B1 /* SceneDelegate.swift */,
				98C1267C28D433C600F078B1 /* ViewController.swift */,
				98C1267E28D433C600F078B1 /* Main.storyboard */,
				98C1268128D433C700F078B1 /* Assets.xcassets */,
				98C1268328D433C700F078B1 /* LaunchScreen.storyboard */,
				98C1268628D433C700F078B1 /* Info.plist */,
			);
			path = richrichrich;
			sourceTree = "<group>";
		};
		98C1268E28D433C700F078B1 /* richrichrichTests */ = {
			isa = PBXGroup;
			children = (
				98C1268F28D433C700F078B1 /* richrichrichTests.swift */,
			);
			path = richrichrichTests;
			sourceTree = "<group>";
		};
		98C1269828D433C700F078B1 /* richrichrichUITests */ = {
			isa = PBXGroup;
			children = (
				98C1269928D433C700F078B1 /* richrichrichUITests.swift */,
				98C1269B28D433C700F078B1 /* richrichrichUITestsLaunchTests.swift */,
			);
			path = richrichrichUITests;
			sourceTree = "<group>";
		};
/* End PBXGroup section */

/* Begin PBXNativeTarget section */
		98C1267428D433C600F078B1 /* richrichrich */ = {
			isa = PBXNativeTarget;
			buildConfigurationList = 98C1269F28D433C700F078B1 /* Build configuration list for PBXNativeTarget "richrichrich" */;
			buildPhases = (
				98C1267128D433C600F078B1 /* Sources */,
				98C1267228D433C600F078B1 /* Frameworks */,
				98C1267328D433C600F078B1 /* Resources */,
			);
			buildRules = (
			);
			dependencies = (
			);
			name = richrichrich;
			productName = richrichrich;
			productReference = 98C1267528D433C600F078B1 /* richrichrich.app */;
			productType = "com.apple.product-type.application";
		};
		98C1268A28D433C700F078B1 /* richrichrichTests */ = {
			isa = PBXNativeTarget;
			buildConfigurationList = 98C126A228D433C700F078B1 /* Build configuration list for PBXNativeTarget "richrichrichTests" */;
			buildPhases = (
				98C1268728D433C700F078B1 /* Sources */,
				98C1268828D433C700F078B1 /* Frameworks */,
				98C1268928D433C700F078B1 /* Resources */,
			);
			buildRules = (
			);
			dependencies = (
				98C1268D28D433C700F078B1 /* PBXTargetDependency */,
			);
			name = richrichrichTests;
			productName = richrichrichTests;
			productReference = 98C1268B28D433C700F078B1 /* richrichrichTests.xctest */;
			productType = "com.apple.product-type.bundle.unit-test";
		};
		98C1269428D433C700F078B1 /* richrichrichUITests */ = {
			isa = PBXNativeTarget;
			buildConfigurationList = 98C126A528D433C700F078B1 /* Build configuration list for PBXNativeTarget "richrichrichUITests" */;
			buildPhases = (
				98C1269128D433C700F078B1 /* Sources */,
				98C1269228D433C700F078B1 /* Frameworks */,
				98C1269328D433C700F078B1 /* Resources */,
			);
			buildRules = (
			);
			dependencies = (
				98C1269728D433C700F078B1 /* PBXTargetDependency */,
			);
			name = richrichrichUITests;
			productName = richrichrichUITests;
			productReference = 98C1269528D433C700F078B1 /* richrichrichUITests.xctest */;
			productType = "com.apple.product-type.bundle.ui-testing";
		};
/* End PBXNativeTarget section */

/* Begin PBXProject section */
		98C1266D28D433C600F078B1 /* Project object */ = {
			isa = PBXProject;
			attributes = {
				BuildIndependentTargetsInParallel = 1;
				LastSwiftUpdateCheck = 1400;
				LastUpgradeCheck = 1400;
				TargetAttributes = {
					98C1267428D433C600F078B1 = {
						CreatedOnToolsVersion = 14.0;
					};
					98C1268A28D433C700F078B1 = {
						CreatedOnToolsVersion = 14.0;
						TestTargetID = 98C1267428D433C600F078B1;
					};
					98C1269428D433C700F078B1 = {
						CreatedOnToolsVersion = 14.0;
						TestTargetID = 98C1267428D433C600F078B1;
					};
				};
			};
			buildConfigurationList = 98C1267028D433C600F078B1 /* Build configuration list for PBXProject "richrichrich" */;
			compatibilityVersion = "Xcode 14.0";
			developmentRegion = en;
			hasScannedForEncodings = 0;
			knownRegions = (
				en,
				Base,
			);
			mainGroup = 98C1266C28D433C600F078B1;
			productRefGroup = 98C1267628D433C600F078B1 /* Products */;
			projectDirPath = "";
			projectRoot = "";
			targets = (
				98C1267428D433C600F078B1 /* richrichrich */,
				98C1268A28D433C700F078B1 /* richrichrichTests */,
				98C1269428D433C700F078B1 /* richrichrichUITests */,
			);
		};
/* End PBXProject section */

/* Begin PBXResourcesBuildPhase section */
		98C1267328D433C600F078B1 /* Resources */ = {
			isa = PBXResourcesBuildPhase;
			buildActionMask = 2147483647;
			files = (
				98C1268528D433C700F078B1 /* LaunchScreen.storyboard in Resources */,
				98C1268228D433C700F078B1 /* Assets.xcassets in Resources */,
				98C1268028D433C600F078B1 /* Main.storyboard in Resources */,
			);
			runOnlyForDeploymentPostprocessing = 0;
		};
		98C1268928D433C700F078B1 /* Resources */ = {
			isa = PBXResourcesBuildPhase;
			buildActionMask = 2147483647;
			files = (
			);
			runOnlyForDeploymentPostprocessing = 0;
		};
		98C1269328D433C700F078B1 /* Resources */ = {
			isa = PBXResourcesBuildPhase;
			buildActionMask = 2147483647;
			files = (
			);
			runOnlyForDeploymentPostprocessing = 0;
		};
/* End PBXResourcesBuildPhase section */

/* Begin PBXSourcesBuildPhase section */
		98C1267128D433C600F078B1 /* Sources */ = {
			isa = PBXSourcesBuildPhase;
			buildActionMask = 2147483647;
			files = (
				98C1267D28D433C600F078B1 /* ViewController.swift in Sources */,
				98C1267928D433C600F078B1 /* AppDelegate.swift in Sources */,
				98C1267B28D433C600F078B1 /* SceneDelegate.swift in Sources */,
			);
			runOnlyForDeploymentPostprocessing = 0;
		};
		98C1268728D433C700F078B1 /* Sources */ = {
			isa = PBXSourcesBuildPhase;
			buildActionMask = 2147483647;
			files = (
				98C1269028D433C700F078B1 /* richrichrichTests.swift in Sources */,
			);
			runOnlyForDeploymentPostprocessing = 0;
		};
		98C1269128D433C700F078B1 /* Sources */ = {
			isa = PBXSourcesBuildPhase;
			buildActionMask = 2147483647;
			files = (
				98C1269C28D433C700F078B1 /* richrichrichUITestsLaunchTests.swift in Sources */,
				98C1269A28D433C700F078B1 /* richrichrichUITests.swift in Sources */,
			);
			runOnlyForDeploymentPostprocessing = 0;
		};
/* End PBXSourcesBuildPhase section */

/* Begin PBXTargetDependency section */
		98C1268D28D433C700F078B1 /* PBXTargetDependency */ = {
			isa = PBXTargetDependency;
			target = 98C1267428D433C600F078B1 /* richrichrich */;
			targetProxy = 98C1268C28D433C700F078B1 /* PBXContainerItemProxy */;
		};
		98C1269728D433C700F078B1 /* PBXTargetDependency */ = {
			isa = PBXTargetDependency;
			target = 98C1267428D433C600F078B1 /* richrichrich */;
			targetProxy = 98C1269628D433C700F078B1 /* PBXContainerItemProxy */;
		};
/* End PBXTargetDependency section */

/* Begin PBXVariantGroup section */
		98C1267E28D433C600F078B1 /* Main.storyboard */ = {
			isa = PBXVariantGroup;
			children = (
				98C1267F28D433C600F078B1 /* Base */,
			);
			name = Main.storyboard;
			sourceTree = "<group>";
		};
		98C1268328D433C700F078B1 /* LaunchScreen.storyboard */ = {
			isa = PBXVariantGroup;
			children = (
				98C1268428D433C700F078B1 /* Base */,
			);
			name = LaunchScreen.storyboard;
			sourceTree = "<group>";
		};
/* End PBXVariantGroup section */

/* Begin XCBuildConfiguration section */
		98C1269D28D433C700F078B1 /* Debug */ = {
			isa = XCBuildConfiguration;
			buildSettings = {
				ALWAYS_SEARCH_USER_PATHS = NO;
				CLANG_ANALYZER_NONNULL = YES;
				CLANG_ANALYZER_NUMBER_OBJECT_CONVERSION = YES_AGGRESSIVE;
				CLANG_CXX_LANGUAGE_STANDARD = "gnu++20";
				CLANG_ENABLE_MODULES = YES;
				CLANG_ENABLE_OBJC_ARC = YES;
				CLANG_ENABLE_OBJC_WEAK = YES;
				CLANG_WARN_BLOCK_CAPTURE_AUTORELEASING = YES;
				CLANG_WARN_BOOL_CONVERSION = YES;
				CLANG_WARN_COMMA = YES;
				CLANG_WARN_CONSTANT_CONVERSION = YES;
				CLANG_WARN_DEPRECATED_OBJC_IMPLEMENTATIONS = YES;
				CLANG_WARN_DIRECT_OBJC_ISA_USAGE = YES_ERROR;
				CLANG_WARN_DOCUMENTATION_COMMENTS = YES;
				CLANG_WARN_EMPTY_BODY = YES;
				CLANG_WARN_ENUM_CONVERSION = YES;
				CLANG_WARN_INFINITE_RECURSION = YES;
				CLANG_WARN_INT_CONVERSION = YES;
				CLANG_WARN_NON_LITERAL_NULL_CONVERSION = YES;
				CLANG_WARN_OBJC_IMPLICIT_RETAIN_SELF = YES;
				CLANG_WARN_OBJC_LITERAL_CONVERSION = YES;
				CLANG_WARN_OBJC_ROOT_CLASS = YES_ERROR;
				CLANG_WARN_QUOTED_INCLUDE_IN_FRAMEWORK_HEADER = YES;
				CLANG_WARN_RANGE_LOOP_ANALYSIS = YES;
				CLANG_WARN_STRICT_PROTOTYPES = YES;
				CLANG_WARN_SUSPICIOUS_MOVE = YES;
				CLANG_WARN_UNGUARDED_AVAILABILITY = YES_AGGRESSIVE;
				CLANG_WARN_UNREACHABLE_CODE = YES;
				CLANG_WARN__DUPLICATE_METHOD_MATCH = YES;
				COPY_PHASE_STRIP = NO;
				DEBUG_INFORMATION_FORMAT = dwarf;
				ENABLE_STRICT_OBJC_MSGSEND = YES;
				ENABLE_TESTABILITY = YES;
				GCC_C_LANGUAGE_STANDARD = gnu11;
				GCC_DYNAMIC_NO_PIC = NO;
				GCC_NO_COMMON_BLOCKS = YES;
				GCC_OPTIMIZATION_LEVEL = 0;
				GCC_PREPROCESSOR_DEFINITIONS = (
					"DEBUG=1",
					"$(inherited)",
				);
				GCC_WARN_64_TO_32_BIT_CONVERSION = YES;
				GCC_WARN_ABOUT_RETURN_TYPE = YES_ERROR;
				GCC_WARN_UNDECLARED_SELECTOR = YES;
				GCC_WARN_UNINITIALIZED_AUTOS = YES_AGGRESSIVE;
				GCC_WARN_UNUSED_FUNCTION = YES;
				GCC_WARN_UNUSED_VARIABLE = YES;
				IPHONEOS_DEPLOYMENT_TARGET = 16.0;
				MTL_ENABLE_DEBUG_INFO = INCLUDE_SOURCE;
				MTL_FAST_MATH = YES;
				ONLY_ACTIVE_ARCH = YES;
				SDKROOT = iphoneos;
				SWIFT_ACTIVE_COMPILATION_CONDITIONS = DEBUG;
				SWIFT_OPTIMIZATION_LEVEL = "-Onone";
			};
			name = Debug;
		};
		98C1269E28D433C700F078B1 /* Release */ = {
			isa = XCBuildConfiguration;
			buildSettings = {
				ALWAYS_SEARCH_USER_PATHS = NO;
				CLANG_ANALYZER_NONNULL = YES;
				CLANG_ANALYZER_NUMBER_OBJECT_CONVERSION = YES_AGGRESSIVE;
				CLANG_CXX_LANGUAGE_STANDARD = "gnu++20";
				CLANG_ENABLE_MODULES = YES;
				CLANG_ENABLE_OBJC_ARC = YES;
				CLANG_ENABLE_OBJC_WEAK = YES;
				CLANG_WARN_BLOCK_CAPTURE_AUTORELEASING = YES;
				CLANG_WARN_BOOL_CONVERSION = YES;
				CLANG_WARN_COMMA = YES;
				CLANG_WARN_CONSTANT_CONVERSION = YES;
				CLANG_WARN_DEPRECATED_OBJC_IMPLEMENTATIONS = YES;
				CLANG_WARN_DIRECT_OBJC_ISA_USAGE = YES_ERROR;
				CLANG_WARN_DOCUMENTATION_COMMENTS = YES;
				CLANG_WARN_EMPTY_BODY = YES;
				CLANG_WARN_ENUM_CONVERSION = YES;
				CLANG_WARN_INFINITE_RECURSION = YES;
				CLANG_WARN_INT_CONVERSION = YES;
				CLANG_WARN_NON_LITERAL_NULL_CONVERSION = YES;
				CLANG_WARN_OBJC_IMPLICIT_RETAIN_SELF = YES;
				CLANG_WARN_OBJC_LITERAL_CONVERSION = YES;
				CLANG_WARN_OBJC_ROOT_CLASS = YES_ERROR;
				CLANG_WARN_QUOTED_INCLUDE_IN_FRAMEWORK_HEADER = YES;
				CLANG_WARN_RANGE_LOOP_ANALYSIS = YES;
				CLANG_WARN_STRICT_PROTOTYPES = YES;
				CLANG_WARN_SUSPICIOUS_MOVE = YES;
				CLANG_WARN_UNGUARDED_AVAILABILITY = YES_AGGRESSIVE;
				CLANG_WARN_UNREACHABLE_CODE = YES;
				CLANG_WARN__DUPLICATE_METHOD_MATCH = YES;
				COPY_PHASE_STRIP = NO;
				DEBUG_INFORMATION_FORMAT = "dwarf-with-dsym";
				ENABLE_NS_ASSERTIONS = NO;
				ENABLE_STRICT_OBJC_MSGSEND = YES;
				GCC_C_LANGUAGE_STANDARD = gnu11;
				GCC_NO_COMMON_BLOCKS = YES;
				GCC_WARN_64_TO_32_BIT_CONVERSION = YES;
				GCC_WARN_ABOUT_RETURN_TYPE = YES_ERROR;
				GCC_WARN_UNDECLARED_SELECTOR = YES;
				GCC_WARN_UNINITIALIZED_AUTOS = YES_AGGRESSIVE;
				GCC_WARN_UNUSED_FUNCTION = YES;
				GCC_WARN_UNUSED_VARIABLE = YES;
				IPHONEOS_DEPLOYMENT_TARGET = 16.0;
				MTL_ENABLE_DEBUG_INFO = NO;
				MTL_FAST_MATH = YES;
				SDKROOT = iphoneos;
				SWIFT_COMPILATION_MODE = wholemodule;
				SWIFT_OPTIMIZATION_LEVEL = "-O";
				VALIDATE_PRODUCT = YES;
			};
			name = Release;
		};
		98C126A028D433C700F078B1 /* Debug */ = {
			isa = XCBuildConfiguration;
			buildSettings = {
				ASSETCATALOG_COMPILER_APPICON_NAME = AppIcon;
				ASSETCATALOG_COMPILER_GLOBAL_ACCENT_COLOR_NAME = AccentColor;
				CODE_SIGN_STYLE = Automatic;
				CURRENT_PROJECT_VERSION = 1;
				GENERATE_INFOPLIST_FILE = YES;
				INFOPLIST_FILE = richrichrich/Info.plist;
				INFOPLIST_KEY_UIApplicationSupportsIndirectInputEvents = YES;
				INFOPLIST_KEY_UILaunchStoryboardName = LaunchScreen;
				INFOPLIST_KEY_UIMainStoryboardFile = Main;
				INFOPLIST_KEY_UISupportedInterfaceOrientations_iPad = "UIInterfaceOrientationPortrait UIInterfaceOrientationPortraitUpsideDown UIInterfaceOrientationLandscapeLeft UIInterfaceOrientationLandscapeRight";
				INFOPLIST_KEY_UISupportedInterfaceOrientations_iPhone = "UIInterfaceOrientationPortrait UIInterfaceOrientationLandscapeLeft UIInterfaceOrientationLandscapeRight";
				LD_RUNPATH_SEARCH_PATHS = (
					"$(inherited)",
					"@executable_path/Frameworks",
				);
				MARKETING_VERSION = 1.0;
				PRODUCT_BUNDLE_IDENTIFIER = com.nandy.richrichrich;
				PRODUCT_NAME = "$(TARGET_NAME)";
				SWIFT_EMIT_LOC_STRINGS = YES;
				SWIFT_VERSION = 5.0;
				TARGETED_DEVICE_FAMILY = "1,2";
			};
			name = Debug;
		};
		98C126A128D433C700F078B1 /* Release */ = {
			isa = XCBuildConfiguration;
			buildSettings = {
				ASSETCATALOG_COMPILER_APPICON_NAME = AppIcon;
				ASSETCATALOG_COMPILER_GLOBAL_ACCENT_COLOR_NAME = AccentColor;
				CODE_SIGN_STYLE = Automatic;
				CURRENT_PROJECT_VERSION = 1;
				GENERATE_INFOPLIST_FILE = YES;
				INFOPLIST_FILE = richrichrich/Info.plist;
				INFOPLIST_KEY_UIApplicationSupportsIndirectInputEvents = YES;
				INFOPLIST_KEY_UILaunchStoryboardName = LaunchScreen;
				INFOPLIST_KEY_UIMainStoryboardFile = Main;
				INFOPLIST_KEY_UISupportedInterfaceOrientations_iPad = "UIInterfaceOrientationPortrait UIInterfaceOrientationPortraitUpsideDown UIInterfaceOrientationLandscapeLeft UIInterfaceOrientationLandscapeRight";
				INFOPLIST_KEY_UISupportedInterfaceOrientations_iPhone = "UIInterfaceOrientationPortrait UIInterfaceOrientationLandscapeLeft UIInterfaceOrientationLandscapeRight";
				LD_RUNPATH_SEARCH_PATHS = (
					"$(inherited)",
					"@executable_path/Frameworks",
				);
				MARKETING_VERSION = 1.0;
				PRODUCT_BUNDLE_IDENTIFIER = com.nandy.richrichrich;
				PRODUCT_NAME = "$(TARGET_NAME)";
				SWIFT_EMIT_LOC_STRINGS = YES;
				SWIFT_VERSION = 5.0;
				TARGETED_DEVICE_FAMILY = "1,2";
			};
			name = Release;
		};
		98C126A328D433C700F078B1 /* Debug */ = {
			isa = XCBuildConfiguration;
			buildSettings = {
				ALWAYS_EMBED_SWIFT_STANDARD_LIBRARIES = YES;
				BUNDLE_LOADER = "$(TEST_HOST)";
				CODE_SIGN_STYLE = Automatic;
				CURRENT_PROJECT_VERSION = 1;
				GENERATE_INFOPLIST_FILE = YES;
				IPHONEOS_DEPLOYMENT_TARGET = 16.0;
				MARKETING_VERSION = 1.0;
				PRODUCT_BUNDLE_IDENTIFIER = com.nandy.richrichrichTests;
				PRODUCT_NAME = "$(TARGET_NAME)";
				SWIFT_EMIT_LOC_STRINGS = NO;
				SWIFT_VERSION = 5.0;
				TARGETED_DEVICE_FAMILY = "1,2";
				TEST_HOST = "$(BUILT_PRODUCTS_DIR)/richrichrich.app/$(BUNDLE_EXECUTABLE_FOLDER_PATH)/richrichrich";
			};
			name = Debug;
		};
		98C126A428D433C700F078B1 /* Release */ = {
			isa = XCBuildConfiguration;
			buildSettings = {
				ALWAYS_EMBED_SWIFT_STANDARD_LIBRARIES = YES;
				BUNDLE_LOADER = "$(TEST_HOST)";
				CODE_SIGN_STYLE = Automatic;
				CURRENT_PROJECT_VERSION = 1;
				GENERATE_INFOPLIST_FILE = YES;
				IPHONEOS_DEPLOYMENT_TARGET = 16.0;
				MARKETING_VERSION = 1.0;
				PRODUCT_BUNDLE_IDENTIFIER = com.nandy.richrichrichTests;
				PRODUCT_NAME = "$(TARGET_NAME)";
				SWIFT_EMIT_LOC_STRINGS = NO;
				SWIFT_VERSION = 5.0;
				TARGETED_DEVICE_FAMILY = "1,2";
				TEST_HOST = "$(BUILT_PRODUCTS_DIR)/richrichrich.app/$(BUNDLE_EXECUTABLE_FOLDER_PATH)/richrichrich";
			};
			name = Release;
		};
		98C126A628D433C700F078B1 /* Debug */ = {
			isa = XCBuildConfiguration;
			buildSettings = {
				ALWAYS_EMBED_SWIFT_STANDARD_LIBRARIES = YES;
				CODE_SIGN_STYLE = Automatic;
				CURRENT_PROJECT_VERSION = 1;
				GENERATE_INFOPLIST_FILE = YES;
				MARKETING_VERSION = 1.0;
				PRODUCT_BUNDLE_IDENTIFIER = com.nandy.richrichrichUITests;
				PRODUCT_NAME = "$(TARGET_NAME)";
				SWIFT_EMIT_LOC_STRINGS = NO;
				SWIFT_VERSION = 5.0;
				TARGETED_DEVICE_FAMILY = "1,2";
				TEST_TARGET_NAME = richrichrich;
			};
			name = Debug;
		};
		98C126A728D433C700F078B1 /* Release */ = {
			isa = XCBuildConfiguration;
			buildSettings = {
				ALWAYS_EMBED_SWIFT_STANDARD_LIBRARIES = YES;
				CODE_SIGN_STYLE = Automatic;
				CURRENT_PROJECT_VERSION = 1;
				GENERATE_INFOPLIST_FILE = YES;
				MARKETING_VERSION = 1.0;
				PRODUCT_BUNDLE_IDENTIFIER = com.nandy.richrichrichUITests;
				PRODUCT_NAME = "$(TARGET_NAME)";
				SWIFT_EMIT_LOC_STRINGS = NO;
				SWIFT_VERSION = 5.0;
				TARGETED_DEVICE_FAMILY = "1,2";
				TEST_TARGET_NAME = richrichrich;
			};
			name = Release;
		};
/* End XCBuildConfiguration section */

/* Begin XCConfigurationList section */
		98C1267028D433C600F078B1 /* Build configuration list for PBXProject "richrichrich" */ = {
			isa = XCConfigurationList;
			buildConfigurations = (
				98C1269D28D433C700F078B1 /* Debug */,
				98C1269E28D433C700F078B1 /* Release */,
			);
			defaultConfigurationIsVisible = 0;
			defaultConfigurationName = Release;
		};
		98C1269F28D433C700F078B1 /* Build configuration list for PBXNativeTarget "richrichrich" */ = {
			isa = XCConfigurationList;
			buildConfigurations = (
				98C126A028D433C700F078B1 /* Debug */,
				98C126A128D433C700F078B1 /* Release */,
			);
			defaultConfigurationIsVisible = 0;
			defaultConfigurationName = Release;
		};
		98C126A228D433C700F078B1 /* Build configuration list for PBXNativeTarget "richrichrichTests" */ = {
			isa = XCConfigurationList;
			buildConfigurations = (
				98C126A328D433C700F078B1 /* Debug */,
				98C126A428D433C700F078B1 /* Release */,
			);
			defaultConfigurationIsVisible = 0;
			defaultConfigurationName = Release;
		};
		98C126A528D433C700F078B1 /* Build configuration list for PBXNativeTarget "richrichrichUITests" */ = {
			isa = XCConfigurationList;
			buildConfigurations = (
				98C126A628D433C700F078B1 /* Debug */,
				98C126A728D433C700F078B1 /* Release */,
			);
			defaultConfigurationIsVisible = 0;
			defaultConfigurationName = Release;
		};
/* End XCConfigurationList section */
	};
	rootObject = 98C1266D28D433C600F078B1 /* Project object */;
}
